
Microsoft Visual Studio Solution File, Format Version 12.00
# Visual Studio Version 16
VisualStudioVersion = 16.0.29102.190
MinimumVisualStudioVersion = 10.0.40219.1
Project("{FAE04EC0-301F-11D3-BF4B-00C04F79EFBC}") = "GetDeptQuery_LY", "GetDeptQuery_LY.csproj", "{B718FE42-6102-439D-967D-2DF1927AFF8E}"
EndProject
Global
	GlobalSection(SolutionConfigurationPlatforms) = preSolution
		Debug|Any CPU = Debug|Any CPU
		Release|Any CPU = Release|Any CPU
	EndGlobalSection
	GlobalSection(ProjectConfigurationPlatforms) = postSolution
		{B718FE42-6102-439D-967D-2DF1927AFF8E}.Debug|Any CPU.ActiveCfg = Debug|Any CPU
		{B718FE42-6102-439D-967D-2DF1927AFF8E}.Debug|Any CPU.Build.0 = Debug|Any CPU
		{B718FE42-6102-439D-967D-2DF1927AFF8E}.Release|Any CPU.ActiveCfg = Release|Any CPU
		{B718FE42-6102-439D-967D-2DF1927AFF8E}.Release|Any CPU.Build.0 = Release|Any CPU
	EndGlobalSection
	GlobalSection(SolutionProperties) = preSolution
		HideSolutionNode = FALSE
	EndGlobalSection
	GlobalSection(ExtensibilityGlobals) = postSolution
		SolutionGuid = {C9A501C1-02DA-4AA6-A9D2-56B31432284C}
	EndGlobalSection
EndGlobal
